// !$*UTF8*$!
{
	archiveVersion = 1;
	classes = {
	};
	objectVersion = 56;
	objects = {

/* Begin PBXBuildFile section */
		DC5A9FCE2B1CD6C50083FB60 /* AddEmailView.swift in Sources */ = {isa = PBXBuildFile; fileRef = DC5A9FCD2B1CD6C50083FB60 /* AddEmailView.swift */; };
		DC67E3332AF3CF9100585EAE /* MainTabView.swift in Sources */ = {isa = PBXBuildFile; fileRef = DC67E3322AF3CF9100585EAE /* MainTabView.swift */; };
		DC67E3352AF3D13900585EAE /* ProfileView.swift in Sources */ = {isa = PBXBuildFile; fileRef = DC67E3342AF3D13900585EAE /* ProfileView.swift */; };
		DC67E3382AF3F96E00585EAE /* UserStatView.swift in Sources */ = {isa = PBXBuildFile; fileRef = DC67E3372AF3F96E00585EAE /* UserStatView.swift */; };
		DC67E33C2AF4039900585EAE /* FeedCell.swift in Sources */ = {isa = PBXBuildFile; fileRef = DC67E33B2AF4039900585EAE /* FeedCell.swift */; };
		DC67E33E2AF403A600585EAE /* FeedView.swift in Sources */ = {isa = PBXBuildFile; fileRef = DC67E33D2AF403A600585EAE /* FeedView.swift */; };
		DC67E3402AF432EF00585EAE /* SearchView.swift in Sources */ = {isa = PBXBuildFile; fileRef = DC67E33F2AF432EF00585EAE /* SearchView.swift */; };
		DC67E3422AF442B600585EAE /* LoginView.swift in Sources */ = {isa = PBXBuildFile; fileRef = DC67E3412AF442B600585EAE /* LoginView.swift */; };
		DC72E6EF2B1E51E30006FEB3 /* IGTextFieldModifier.swift in Sources */ = {isa = PBXBuildFile; fileRef = DC72E6EE2B1E51E30006FEB3 /* IGTextFieldModifier.swift */; };
		DC72E6F12B1E53B80006FEB3 /* CreateUsernameView.swift in Sources */ = {isa = PBXBuildFile; fileRef = DC72E6F02B1E53B80006FEB3 /* CreateUsernameView.swift */; };
		DC72E6F32B1E5D2F0006FEB3 /* CreatePasswordView.swift in Sources */ = {isa = PBXBuildFile; fileRef = DC72E6F22B1E5D2F0006FEB3 /* CreatePasswordView.swift */; };
		DC72E6F52B1E770B0006FEB3 /* CompleteSignUpView.swift in Sources */ = {isa = PBXBuildFile; fileRef = DC72E6F42B1E770B0006FEB3 /* CompleteSignUpView.swift */; };
		DC72E6F72B1E8A6A0006FEB3 /* User.swift in Sources */ = {isa = PBXBuildFile; fileRef = DC72E6F62B1E8A6A0006FEB3 /* User.swift */; };
		DC72E6F92B1F57FC0006FEB3 /* CurrentUserProfileView.swift in Sources */ = {isa = PBXBuildFile; fileRef = DC72E6F82B1F57FC0006FEB3 /* CurrentUserProfileView.swift */; };
		DC72E6FB2B1FCFA20006FEB3 /* Post.swift in Sources */ = {isa = PBXBuildFile; fileRef = DC72E6FA2B1FCFA20006FEB3 /* Post.swift */; };
		DC72E6FD2B20A3B00006FEB3 /* PostGridView.swift in Sources */ = {isa = PBXBuildFile; fileRef = DC72E6FC2B20A3B00006FEB3 /* PostGridView.swift */; };
		DC72E6FF2B20A6640006FEB3 /* ProfileHeaderView.swift in Sources */ = {isa = PBXBuildFile; fileRef = DC72E6FE2B20A6640006FEB3 /* ProfileHeaderView.swift */; };
		DC72E7012B20AC2B0006FEB3 /* UploadPostView.swift in Sources */ = {isa = PBXBuildFile; fileRef = DC72E7002B20AC2B0006FEB3 /* UploadPostView.swift */; };
		DC862C912AF3C901008147B2 /* InstagramCloneApp.swift in Sources */ = {isa = PBXBuildFile; fileRef = DC862C902AF3C901008147B2 /* InstagramCloneApp.swift */; };
		DC862C932AF3C901008147B2 /* ContentView.swift in Sources */ = {isa = PBXBuildFile; fileRef = DC862C922AF3C901008147B2 /* ContentView.swift */; };
		DC862C952AF3C902008147B2 /* Assets.xcassets in Resources */ = {isa = PBXBuildFile; fileRef = DC862C942AF3C902008147B2 /* Assets.xcassets */; };
		DC862C982AF3C902008147B2 /* Preview Assets.xcassets in Resources */ = {isa = PBXBuildFile; fileRef = DC862C972AF3C902008147B2 /* Preview Assets.xcassets */; };
		DCAE11C82B210AA7009A69B3 /* UploadPostViewModel.swift in Sources */ = {isa = PBXBuildFile; fileRef = DCAE11C72B210AA7009A69B3 /* UploadPostViewModel.swift */; };
/* End PBXBuildFile section */

/* Begin PBXFileReference section */
		DC5A9FCD2B1CD6C50083FB60 /* AddEmailView.swift */ = {isa = PBXFileReference; lastKnownFileType = sourcecode.swift; path = AddEmailView.swift; sourceTree = "<group>"; };
		DC67E3322AF3CF9100585EAE /* MainTabView.swift */ = {isa = PBXFileReference; lastKnownFileType = sourcecode.swift; path = MainTabView.swift; sourceTree = "<group>"; };
		DC67E3342AF3D13900585EAE /* ProfileView.swift */ = {isa = PBXFileReference; lastKnownFileType = sourcecode.swift; path = ProfileView.swift; sourceTree = "<group>"; };
		DC67E3372AF3F96E00585EAE /* UserStatView.swift */ = {isa = PBXFileReference; lastKnownFileType = sourcecode.swift; path = UserStatView.swift; sourceTree = "<group>"; };
		DC67E33B2AF4039900585EAE /* FeedCell.swift */ = {isa = PBXFileReference; lastKnownFileType = sourcecode.swift; path = FeedCell.swift; sourceTree = "<group>"; };
		DC67E33D2AF403A600585EAE /* FeedView.swift */ = {isa = PBXFileReference; lastKnownFileType = sourcecode.swift; path = FeedView.swift; sourceTree = "<group>"; };
		DC67E33F2AF432EF00585EAE /* SearchView.swift */ = {isa = PBXFileReference; lastKnownFileType = sourcecode.swift; path = SearchView.swift; sourceTree = "<group>"; };
		DC67E3412AF442B600585EAE /* LoginView.swift */ = {isa = PBXFileReference; lastKnownFileType = sourcecode.swift; path = LoginView.swift; sourceTree = "<group>"; };
		DC72E6EE2B1E51E30006FEB3 /* IGTextFieldModifier.swift */ = {isa = PBXFileReference; lastKnownFileType = sourcecode.swift; path = IGTextFieldModifier.swift; sourceTree = "<group>"; };
		DC72E6F02B1E53B80006FEB3 /* CreateUsernameView.swift */ = {isa = PBXFileReference; lastKnownFileType = sourcecode.swift; path = CreateUsernameView.swift; sourceTree = "<group>"; };
		DC72E6F22B1E5D2F0006FEB3 /* CreatePasswordView.swift */ = {isa = PBXFileReference; lastKnownFileType = sourcecode.swift; path = CreatePasswordView.swift; sourceTree = "<group>"; };
		DC72E6F42B1E770B0006FEB3 /* CompleteSignUpView.swift */ = {isa = PBXFileReference; lastKnownFileType = sourcecode.swift; path = CompleteSignUpView.swift; sourceTree = "<group>"; };
		DC72E6F62B1E8A6A0006FEB3 /* User.swift */ = {isa = PBXFileReference; lastKnownFileType = sourcecode.swift; path = User.swift; sourceTree = "<group>"; };
		DC72E6F82B1F57FC0006FEB3 /* CurrentUserProfileView.swift */ = {isa = PBXFileReference; lastKnownFileType = sourcecode.swift; path = CurrentUserProfileView.swift; sourceTree = "<group>"; };
		DC72E6FA2B1FCFA20006FEB3 /* Post.swift */ = {isa = PBXFileReference; lastKnownFileType = sourcecode.swift; path = Post.swift; sourceTree = "<group>"; };
		DC72E6FC2B20A3B00006FEB3 /* PostGridView.swift */ = {isa = PBXFileReference; lastKnownFileType = sourcecode.swift; path = PostGridView.swift; sourceTree = "<group>"; };
		DC72E6FE2B20A6640006FEB3 /* ProfileHeaderView.swift */ = {isa = PBXFileReference; lastKnownFileType = sourcecode.swift; path = ProfileHeaderView.swift; sourceTree = "<group>"; };
		DC72E7002B20AC2B0006FEB3 /* UploadPostView.swift */ = {isa = PBXFileReference; lastKnownFileType = sourcecode.swift; path = UploadPostView.swift; sourceTree = "<group>"; };
		DC862C8D2AF3C901008147B2 /* InstagramClone.app */ = {isa = PBXFileReference; explicitFileType = wrapper.application; includeInIndex = 0; path = InstagramClone.app; sourceTree = BUILT_PRODUCTS_DIR; };
		DC862C902AF3C901008147B2 /* InstagramCloneApp.swift */ = {isa = PBXFileReference; lastKnownFileType = sourcecode.swift; path = InstagramCloneApp.swift; sourceTree = "<group>"; };
		DC862C922AF3C901008147B2 /* ContentView.swift */ = {isa = PBXFileReference; lastKnownFileType = sourcecode.swift; path = ContentView.swift; sourceTree = "<group>"; };
		DC862C942AF3C902008147B2 /* Assets.xcassets */ = {isa = PBXFileReference; lastKnownFileType = folder.assetcatalog; path = Assets.xcassets; sourceTree = "<group>"; };
		DC862C972AF3C902008147B2 /* Preview Assets.xcassets */ = {isa = PBXFileReference; lastKnownFileType = folder.assetcatalog; path = "Preview Assets.xcassets"; sourceTree = "<group>"; };
		DCAE11C72B210AA7009A69B3 /* UploadPostViewModel.swift */ = {isa = PBXFileReference; lastKnownFileType = sourcecode.swift; path = UploadPostViewModel.swift; sourceTree = "<group>"; };
/* End PBXFileReference section */

/* Begin PBXFrameworksBuildPhase section */
		DC862C8A2AF3C901008147B2 /* Frameworks */ = {
			isa = PBXFrameworksBuildPhase;
			buildActionMask = 2147483647;
			files = (
			);
			runOnlyForDeploymentPostprocessing = 0;
		};
/* End PBXFrameworksBuildPhase section */

/* Begin PBXGroup section */
		DC67E3262AF3CE5900585EAE /* Services */ = {
			isa = PBXGroup;
			children = (
			);
			path = Services;
			sourceTree = "<group>";
		};
		DC67E3272AF3CE5D00585EAE /* Model */ = {
			isa = PBXGroup;
			children = (
				DC72E6F62B1E8A6A0006FEB3 /* User.swift */,
				DC72E6FA2B1FCFA20006FEB3 /* Post.swift */,
			);
			path = Model;
			sourceTree = "<group>";
		};
		DC67E3282AF3CE5E00585EAE /* Extensions */ = {
			isa = PBXGroup;
			children = (
			);
			path = Extensions;
			sourceTree = "<group>";
		};
		DC67E3292AF3CE6000585EAE /* Core */ = {
			isa = PBXGroup;
			children = (
				DC67E3362AF3F95C00585EAE /* Components */,
				DC67E3312AF3CE9500585EAE /* Authentication */,
				DC67E3302AF3CE9400585EAE /* Feed */,
				DC67E32F2AF3CE9300585EAE /* Profile */,
				DC67E32E2AF3CE9200585EAE /* Root */,
				DC67E32D2AF3CE9100585EAE /* Search */,
				DC67E32C2AF3CE8B00585EAE /* TabBar */,
				DC67E32B2AF3CE8A00585EAE /* UploadPost */,
			);
			path = Core;
			sourceTree = "<group>";
		};
		DC67E32A2AF3CE6100585EAE /* App */ = {
			isa = PBXGroup;
			children = (
				DC862C902AF3C901008147B2 /* InstagramCloneApp.swift */,
			);
			path = App;
			sourceTree = "<group>";
		};
		DC67E32B2AF3CE8A00585EAE /* UploadPost */ = {
			isa = PBXGroup;
			children = (
				DC72E7002B20AC2B0006FEB3 /* UploadPostView.swift */,
				DCAE11C72B210AA7009A69B3 /* UploadPostViewModel.swift */,
			);
			path = UploadPost;
			sourceTree = "<group>";
		};
		DC67E32C2AF3CE8B00585EAE /* TabBar */ = {
			isa = PBXGroup;
			children = (
				DC67E3322AF3CF9100585EAE /* MainTabView.swift */,
			);
			path = TabBar;
			sourceTree = "<group>";
		};
		DC67E32D2AF3CE9100585EAE /* Search */ = {
			isa = PBXGroup;
			children = (
				DC67E33F2AF432EF00585EAE /* SearchView.swift */,
			);
			path = Search;
			sourceTree = "<group>";
		};
		DC67E32E2AF3CE9200585EAE /* Root */ = {
			isa = PBXGroup;
			children = (
			);
			path = Root;
			sourceTree = "<group>";
		};
		DC67E32F2AF3CE9300585EAE /* Profile */ = {
			isa = PBXGroup;
			children = (
				DC67E3342AF3D13900585EAE /* ProfileView.swift */,
				DC72E6F82B1F57FC0006FEB3 /* CurrentUserProfileView.swift */,
				DC72E6FE2B20A6640006FEB3 /* ProfileHeaderView.swift */,
			);
			path = Profile;
			sourceTree = "<group>";
		};
		DC67E3302AF3CE9400585EAE /* Feed */ = {
			isa = PBXGroup;
			children = (
				DC67E33D2AF403A600585EAE /* FeedView.swift */,
				DC67E33B2AF4039900585EAE /* FeedCell.swift */,
			);
			path = Feed;
			sourceTree = "<group>";
		};
		DC67E3312AF3CE9500585EAE /* Authentication */ = {
			isa = PBXGroup;
			children = (
				DC67E3412AF442B600585EAE /* LoginView.swift */,
				DC5A9FCD2B1CD6C50083FB60 /* AddEmailView.swift */,
				DC72E6F02B1E53B80006FEB3 /* CreateUsernameView.swift */,
				DC72E6F22B1E5D2F0006FEB3 /* CreatePasswordView.swift */,
				DC72E6F42B1E770B0006FEB3 /* CompleteSignUpView.swift */,
			);
			path = Authentication;
			sourceTree = "<group>";
		};
		DC67E3362AF3F95C00585EAE /* Components */ = {
			isa = PBXGroup;
			children = (
				DC67E3372AF3F96E00585EAE /* UserStatView.swift */,
				DC72E6EE2B1E51E30006FEB3 /* IGTextFieldModifier.swift */,
				DC72E6FC2B20A3B00006FEB3 /* PostGridView.swift */,
			);
			path = Components;
			sourceTree = "<group>";
		};
		DC862C842AF3C900008147B2 = {
			isa = PBXGroup;
			children = (
				DC862C8F2AF3C901008147B2 /* InstagramClone */,
				DC862C8E2AF3C901008147B2 /* Products */,
			);
			sourceTree = "<group>";
		};
		DC862C8E2AF3C901008147B2 /* Products */ = {
			isa = PBXGroup;
			children = (
				DC862C8D2AF3C901008147B2 /* InstagramClone.app */,
			);
			name = Products;
			sourceTree = "<group>";
		};
		DC862C8F2AF3C901008147B2 /* InstagramClone */ = {
			isa = PBXGroup;
			children = (
				DC67E32A2AF3CE6100585EAE /* App */,
				DC67E3292AF3CE6000585EAE /* Core */,
				DC67E3282AF3CE5E00585EAE /* Extensions */,
				DC67E3272AF3CE5D00585EAE /* Model */,
				DC67E3262AF3CE5900585EAE /* Services */,
				DC862C922AF3C901008147B2 /* ContentView.swift */,
				DC862C942AF3C902008147B2 /* Assets.xcassets */,
				DC862C962AF3C902008147B2 /* Preview Content */,
			);
			path = InstagramClone;
			sourceTree = "<group>";
		};
		DC862C962AF3C902008147B2 /* Preview Content */ = {
			isa = PBXGroup;
			children = (
				DC862C972AF3C902008147B2 /* Preview Assets.xcassets */,
			);
			path = "Preview Content";
			sourceTree = "<group>";
		};
/* End PBXGroup section */

/* Begin PBXNativeTarget section */
		DC862C8C2AF3C901008147B2 /* InstagramClone */ = {
			isa = PBXNativeTarget;
			buildConfigurationList = DC862C9B2AF3C902008147B2 /* Build configuration list for PBXNativeTarget "InstagramClone" */;
			buildPhases = (
				DC862C892AF3C901008147B2 /* Sources */,
				DC862C8A2AF3C901008147B2 /* Frameworks */,
				DC862C8B2AF3C901008147B2 /* Resources */,
			);
			buildRules = (
			);
			dependencies = (
			);
			name = InstagramClone;
			productName = InstagramClone;
			productReference = DC862C8D2AF3C901008147B2 /* InstagramClone.app */;
			productType = "com.apple.product-type.application";
		};
/* End PBXNativeTarget section */

/* Begin PBXProject section */
		DC862C852AF3C900008147B2 /* Project object */ = {
			isa = PBXProject;
			attributes = {
				BuildIndependentTargetsInParallel = 1;
				LastSwiftUpdateCheck = 1500;
				LastUpgradeCheck = 1500;
				TargetAttributes = {
					DC862C8C2AF3C901008147B2 = {
						CreatedOnToolsVersion = 15.0;
					};
				};
			};
			buildConfigurationList = DC862C882AF3C900008147B2 /* Build configuration list for PBXProject "InstagramClone" */;
			compatibilityVersion = "Xcode 14.0";
			developmentRegion = en;
			hasScannedForEncodings = 0;
			knownRegions = (
				en,
				Base,
			);
			mainGroup = DC862C842AF3C900008147B2;
			productRefGroup = DC862C8E2AF3C901008147B2 /* Products */;
			projectDirPath = "";
			projectRoot = "";
			targets = (
				DC862C8C2AF3C901008147B2 /* InstagramClone */,
			);
		};
/* End PBXProject section */

/* Begin PBXResourcesBuildPhase section */
		DC862C8B2AF3C901008147B2 /* Resources */ = {
			isa = PBXResourcesBuildPhase;
			buildActionMask = 2147483647;
			files = (
				DC862C982AF3C902008147B2 /* Preview Assets.xcassets in Resources */,
				DC862C952AF3C902008147B2 /* Assets.xcassets in Resources */,
			);
			runOnlyForDeploymentPostprocessing = 0;
		};
/* End PBXResourcesBuildPhase section */

/* Begin PBXSourcesBuildPhase section */
		DC862C892AF3C901008147B2 /* Sources */ = {
			isa = PBXSourcesBuildPhase;
			buildActionMask = 2147483647;
			files = (
				DC67E33E2AF403A600585EAE /* FeedView.swift in Sources */,
				DC72E7012B20AC2B0006FEB3 /* UploadPostView.swift in Sources */,
				DC67E3352AF3D13900585EAE /* ProfileView.swift in Sources */,
				DC862C932AF3C901008147B2 /* ContentView.swift in Sources */,
				DC67E3422AF442B600585EAE /* LoginView.swift in Sources */,
				DC72E6FB2B1FCFA20006FEB3 /* Post.swift in Sources */,
				DC862C912AF3C901008147B2 /* InstagramCloneApp.swift in Sources */,
				DC72E6F92B1F57FC0006FEB3 /* CurrentUserProfileView.swift in Sources */,
				DC5A9FCE2B1CD6C50083FB60 /* AddEmailView.swift in Sources */,
				DC72E6FD2B20A3B00006FEB3 /* PostGridView.swift in Sources */,
				DC72E6F12B1E53B80006FEB3 /* CreateUsernameView.swift in Sources */,
				DCAE11C82B210AA7009A69B3 /* UploadPostViewModel.swift in Sources */,
				DC72E6FF2B20A6640006FEB3 /* ProfileHeaderView.swift in Sources */,
				DC72E6F52B1E770B0006FEB3 /* CompleteSignUpView.swift in Sources */,
				DC72E6F72B1E8A6A0006FEB3 /* User.swift in Sources */,
				DC67E3402AF432EF00585EAE /* SearchView.swift in Sources */,
				DC72E6EF2B1E51E30006FEB3 /* IGTextFieldModifier.swift in Sources */,
				DC67E3382AF3F96E00585EAE /* UserStatView.swift in Sources */,
				DC67E3332AF3CF9100585EAE /* MainTabView.swift in Sources */,
				DC67E33C2AF4039900585EAE /* FeedCell.swift in Sources */,
				DC72E6F32B1E5D2F0006FEB3 /* CreatePasswordView.swift in Sources */,
			);
			runOnlyForDeploymentPostprocessing = 0;
		};
/* End PBXSourcesBuildPhase section */

/* Begin XCBuildConfiguration section */
		DC862C992AF3C902008147B2 /* Debug */ = {
			isa = XCBuildConfiguration;
			buildSettings = {
				ALWAYS_SEARCH_USER_PATHS = NO;
				ASSETCATALOG_COMPILER_GENERATE_SWIFT_ASSET_SYMBOL_EXTENSIONS = YES;
				CLANG_ANALYZER_NONNULL = YES;
				CLANG_ANALYZER_NUMBER_OBJECT_CONVERSION = YES_AGGRESSIVE;
				CLANG_CXX_LANGUAGE_STANDARD = "gnu++20";
				CLANG_ENABLE_MODULES = YES;
				CLANG_ENABLE_OBJC_ARC = YES;
				CLANG_ENABLE_OBJC_WEAK = YES;
				CLANG_WARN_BLOCK_CAPTURE_AUTORELEASING = YES;
				CLANG_WARN_BOOL_CONVERSION = YES;
				CLANG_WARN_COMMA = YES;
				CLANG_WARN_CONSTANT_CONVERSION = YES;
				CLANG_WARN_DEPRECATED_OBJC_IMPLEMENTATIONS = YES;
				CLANG_WARN_DIRECT_OBJC_ISA_USAGE = YES_ERROR;
				CLANG_WARN_DOCUMENTATION_COMMENTS = YES;
				CLANG_WARN_EMPTY_BODY = YES;
				CLANG_WARN_ENUM_CONVERSION = YES;
				CLANG_WARN_INFINITE_RECURSION = YES;
				CLANG_WARN_INT_CONVERSION = YES;
				CLANG_WARN_NON_LITERAL_NULL_CONVERSION = YES;
				CLANG_WARN_OBJC_IMPLICIT_RETAIN_SELF = YES;
				CLANG_WARN_OBJC_LITERAL_CONVERSION = YES;
				CLANG_WARN_OBJC_ROOT_CLASS = YES_ERROR;
				CLANG_WARN_QUOTED_INCLUDE_IN_FRAMEWORK_HEADER = YES;
				CLANG_WARN_RANGE_LOOP_ANALYSIS = YES;
				CLANG_WARN_STRICT_PROTOTYPES = YES;
				CLANG_WARN_SUSPICIOUS_MOVE = YES;
				CLANG_WARN_UNGUARDED_AVAILABILITY = YES_AGGRESSIVE;
				CLANG_WARN_UNREACHABLE_CODE = YES;
				CLANG_WARN__DUPLICATE_METHOD_MATCH = YES;
				COPY_PHASE_STRIP = NO;
				DEBUG_INFORMATION_FORMAT = dwarf;
				ENABLE_STRICT_OBJC_MSGSEND = YES;
				ENABLE_TESTABILITY = YES;
				ENABLE_USER_SCRIPT_SANDBOXING = YES;
				GCC_C_LANGUAGE_STANDARD = gnu17;
				GCC_DYNAMIC_NO_PIC = NO;
				GCC_NO_COMMON_BLOCKS = YES;
				GCC_OPTIMIZATION_LEVEL = 0;
				GCC_PREPROCESSOR_DEFINITIONS = (
					"DEBUG=1",
					"$(inherited)",
				);
				GCC_WARN_64_TO_32_BIT_CONVERSION = YES;
				GCC_WARN_ABOUT_RETURN_TYPE = YES_ERROR;
				GCC_WARN_UNDECLARED_SELECTOR = YES;
				GCC_WARN_UNINITIALIZED_AUTOS = YES_AGGRESSIVE;
				GCC_WARN_UNUSED_FUNCTION = YES;
				GCC_WARN_UNUSED_VARIABLE = YES;
				IPHONEOS_DEPLOYMENT_TARGET = 17.0;
				LOCALIZATION_PREFERS_STRING_CATALOGS = YES;
				MTL_ENABLE_DEBUG_INFO = INCLUDE_SOURCE;
				MTL_FAST_MATH = YES;
				ONLY_ACTIVE_ARCH = YES;
				SDKROOT = iphoneos;
				SWIFT_ACTIVE_COMPILATION_CONDITIONS = "DEBUG $(inherited)";
				SWIFT_OPTIMIZATION_LEVEL = "-Onone";
			};
			name = Debug;
		};
		DC862C9A2AF3C902008147B2 /* Release */ = {
			isa = XCBuildConfiguration;
			buildSettings = {
				ALWAYS_SEARCH_USER_PATHS = NO;
				ASSETCATALOG_COMPILER_GENERATE_SWIFT_ASSET_SYMBOL_EXTENSIONS = YES;
				CLANG_ANALYZER_NONNULL = YES;
				CLANG_ANALYZER_NUMBER_OBJECT_CONVERSION = YES_AGGRESSIVE;
				CLANG_CXX_LANGUAGE_STANDARD = "gnu++20";
				CLANG_ENABLE_MODULES = YES;
				CLANG_ENABLE_OBJC_ARC = YES;
				CLANG_ENABLE_OBJC_WEAK = YES;
				CLANG_WARN_BLOCK_CAPTURE_AUTORELEASING = YES;
				CLANG_WARN_BOOL_CONVERSION = YES;
				CLANG_WARN_COMMA = YES;
				CLANG_WARN_CONSTANT_CONVERSION = YES;
				CLANG_WARN_DEPRECATED_OBJC_IMPLEMENTATIONS = YES;
				CLANG_WARN_DIRECT_OBJC_ISA_USAGE = YES_ERROR;
				CLANG_WARN_DOCUMENTATION_COMMENTS = YES;
				CLANG_WARN_EMPTY_BODY = YES;
				CLANG_WARN_ENUM_CONVERSION = YES;
				CLANG_WARN_INFINITE_RECURSION = YES;
				CLANG_WARN_INT_CONVERSION = YES;
				CLANG_WARN_NON_LITERAL_NULL_CONVERSION = YES;
				CLANG_WARN_OBJC_IMPLICIT_RETAIN_SELF = YES;
				CLANG_WARN_OBJC_LITERAL_CONVERSION = YES;
				CLANG_WARN_OBJC_ROOT_CLASS = YES_ERROR;
				CLANG_WARN_QUOTED_INCLUDE_IN_FRAMEWORK_HEADER = YES;
				CLANG_WARN_RANGE_LOOP_ANALYSIS = YES;
				CLANG_WARN_STRICT_PROTOTYPES = YES;
				CLANG_WARN_SUSPICIOUS_MOVE = YES;
				CLANG_WARN_UNGUARDED_AVAILABILITY = YES_AGGRESSIVE;
				CLANG_WARN_UNREACHABLE_CODE = YES;
				CLANG_WARN__DUPLICATE_METHOD_MATCH = YES;
				COPY_PHASE_STRIP = NO;
				DEBUG_INFORMATION_FORMAT = "dwarf-with-dsym";
				ENABLE_NS_ASSERTIONS = NO;
				ENABLE_STRICT_OBJC_MSGSEND = YES;
				ENABLE_USER_SCRIPT_SANDBOXING = YES;
				GCC_C_LANGUAGE_STANDARD = gnu17;
				GCC_NO_COMMON_BLOCKS = YES;
				GCC_WARN_64_TO_32_BIT_CONVERSION = YES;
				GCC_WARN_ABOUT_RETURN_TYPE = YES_ERROR;
				GCC_WARN_UNDECLARED_SELECTOR = YES;
				GCC_WARN_UNINITIALIZED_AUTOS = YES_AGGRESSIVE;
				GCC_WARN_UNUSED_FUNCTION = YES;
				GCC_WARN_UNUSED_VARIABLE = YES;
				IPHONEOS_DEPLOYMENT_TARGET = 17.0;
				LOCALIZATION_PREFERS_STRING_CATALOGS = YES;
				MTL_ENABLE_DEBUG_INFO = NO;
				MTL_FAST_MATH = YES;
				SDKROOT = iphoneos;
				SWIFT_COMPILATION_MODE = wholemodule;
				VALIDATE_PRODUCT = YES;
			};
			name = Release;
		};
		DC862C9C2AF3C902008147B2 /* Debug */ = {
			isa = XCBuildConfiguration;
			buildSettings = {
				ASSETCATALOG_COMPILER_APPICON_NAME = AppIcon;
				ASSETCATALOG_COMPILER_GLOBAL_ACCENT_COLOR_NAME = AccentColor;
				CODE_SIGN_STYLE = Automatic;
				CURRENT_PROJECT_VERSION = 1;
				DEVELOPMENT_ASSET_PATHS = "\"InstagramClone/Preview Content\"";
				DEVELOPMENT_TEAM = PS8T79M5Q3;
				ENABLE_PREVIEWS = YES;
				GENERATE_INFOPLIST_FILE = YES;
				INFOPLIST_KEY_UIApplicationSceneManifest_Generation = YES;
				INFOPLIST_KEY_UIApplicationSupportsIndirectInputEvents = YES;
				INFOPLIST_KEY_UILaunchScreen_Generation = YES;
				INFOPLIST_KEY_UISupportedInterfaceOrientations_iPad = "UIInterfaceOrientationPortrait UIInterfaceOrientationPortraitUpsideDown UIInterfaceOrientationLandscapeLeft UIInterfaceOrientationLandscapeRight";
				INFOPLIST_KEY_UISupportedInterfaceOrientations_iPhone = "UIInterfaceOrientationPortrait UIInterfaceOrientationLandscapeLeft UIInterfaceOrientationLandscapeRight";
				LD_RUNPATH_SEARCH_PATHS = (
					"$(inherited)",
					"@executable_path/Frameworks",
				);
				MARKETING_VERSION = 1.0;
				PRODUCT_BUNDLE_IDENTIFIER = co.vk.InstagramClone;
				PRODUCT_NAME = "$(TARGET_NAME)";
				SWIFT_EMIT_LOC_STRINGS = YES;
				SWIFT_VERSION = 5.0;
				TARGETED_DEVICE_FAMILY = "1,2";
			};
			name = Debug;
		};
		DC862C9D2AF3C902008147B2 /* Release */ = {
			isa = XCBuildConfiguration;
			buildSettings = {
				ASSETCATALOG_COMPILER_APPICON_NAME = AppIcon;
				ASSETCATALOG_COMPILER_GLOBAL_ACCENT_COLOR_NAME = AccentColor;
				CODE_SIGN_STYLE = Automatic;
				CURRENT_PROJECT_VERSION = 1;
				DEVELOPMENT_ASSET_PATHS = "\"InstagramClone/Preview Content\"";
				DEVELOPMENT_TEAM = PS8T79M5Q3;
				ENABLE_PREVIEWS = YES;
				GENERATE_INFOPLIST_FILE = YES;
				INFOPLIST_KEY_UIApplicationSceneManifest_Generation = YES;
				INFOPLIST_KEY_UIApplicationSupportsIndirectInputEvents = YES;
				INFOPLIST_KEY_UILaunchScreen_Generation = YES;
				INFOPLIST_KEY_UISupportedInterfaceOrientations_iPad = "UIInterfaceOrientationPortrait UIInterfaceOrientationPortraitUpsideDown UIInterfaceOrientationLandscapeLeft UIInterfaceOrientationLandscapeRight";
				INFOPLIST_KEY_UISupportedInterfaceOrientations_iPhone = "UIInterfaceOrientationPortrait UIInterfaceOrientationLandscapeLeft UIInterfaceOrientationLandscapeRight";
				LD_RUNPATH_SEARCH_PATHS = (
					"$(inherited)",
					"@executable_path/Frameworks",
				);
				MARKETING_VERSION = 1.0;
				PRODUCT_BUNDLE_IDENTIFIER = co.vk.InstagramClone;
				PRODUCT_NAME = "$(TARGET_NAME)";
				SWIFT_EMIT_LOC_STRINGS = YES;
				SWIFT_VERSION = 5.0;
				TARGETED_DEVICE_FAMILY = "1,2";
			};
			name = Release;
		};
/* End XCBuildConfiguration section */

/* Begin XCConfigurationList section */
		DC862C882AF3C900008147B2 /* Build configuration list for PBXProject "InstagramClone" */ = {
			isa = XCConfigurationList;
			buildConfigurations = (
				DC862C992AF3C902008147B2 /* Debug */,
				DC862C9A2AF3C902008147B2 /* Release */,
			);
			defaultConfigurationIsVisible = 0;
			defaultConfigurationName = Release;
		};
		DC862C9B2AF3C902008147B2 /* Build configuration list for PBXNativeTarget "InstagramClone" */ = {
			isa = XCConfigurationList;
			buildConfigurations = (
				DC862C9C2AF3C902008147B2 /* Debug */,
				DC862C9D2AF3C902008147B2 /* Release */,
			);
			defaultConfigurationIsVisible = 0;
			defaultConfigurationName = Release;
		};
/* End XCConfigurationList section */
	};
	rootObject = DC862C852AF3C900008147B2 /* Project object */;
}
